// !$*UTF8*$!
{
	archiveVersion = 1;
	classes = {
	};
	objectVersion = 48;
	objects = {

/* Begin PBXBuildFile section */
		9643BDA31F8AE7330094C86D /* CreatingMocksTests.swift in Sources */ = {isa = PBXBuildFile; fileRef = 9643BDA21F8AE7330094C86D /* CreatingMocksTests.swift */; };
		9643BDA51F8AE7740094C86D /* CreatingMocks.swift in Sources */ = {isa = PBXBuildFile; fileRef = 9643BDA41F8AE7740094C86D /* CreatingMocks.swift */; };
		9643BDA71F8AE8BF0094C86D /* StubbingTests.swift in Sources */ = {isa = PBXBuildFile; fileRef = 9643BDA61F8AE8BF0094C86D /* StubbingTests.swift */; };
		9643BDA91F8AE9030094C86D /* Stubbing.swift in Sources */ = {isa = PBXBuildFile; fileRef = 9643BDA81F8AE9030094C86D /* Stubbing.swift */; };
		9643BDAD1F8AEAD10094C86D /* VerifyingInvocationsTests.swift in Sources */ = {isa = PBXBuildFile; fileRef = 9643BDAC1F8AEAD10094C86D /* VerifyingInvocationsTests.swift */; };
		96464C361F8AE22800131ABB /* AppDelegate.swift in Sources */ = {isa = PBXBuildFile; fileRef = 96464C351F8AE22800131ABB /* AppDelegate.swift */; };
		96464C381F8AE22800131ABB /* ViewController.swift in Sources */ = {isa = PBXBuildFile; fileRef = 96464C371F8AE22800131ABB /* ViewController.swift */; };
		96464C3B1F8AE22800131ABB /* Main.storyboard in Resources */ = {isa = PBXBuildFile; fileRef = 96464C391F8AE22800131ABB /* Main.storyboard */; };
		96464C3D1F8AE22800131ABB /* Assets.xcassets in Resources */ = {isa = PBXBuildFile; fileRef = 96464C3C1F8AE22800131ABB /* Assets.xcassets */; };
		96464C401F8AE22800131ABB /* LaunchScreen.storyboard in Resources */ = {isa = PBXBuildFile; fileRef = 96464C3E1F8AE22800131ABB /* LaunchScreen.storyboard */; };
		96464C4B1F8AE22800131ABB /* ReadmeTests.swift in Sources */ = {isa = PBXBuildFile; fileRef = 96464C4A1F8AE22800131ABB /* ReadmeTests.swift */; };
		96A6BCC41F8AE31E007EF681 /* Readme.swift in Sources */ = {isa = PBXBuildFile; fileRef = 96A6BCC31F8AE31E007EF681 /* Readme.swift */; };
		C6C9DF8CECF61DE4A9C24041 /* Pods_MoxieDocsTests.framework in Frameworks */ = {isa = PBXBuildFile; fileRef = 3DEF84FB0EEBAA4A328BFA4D /* Pods_MoxieDocsTests.framework */; };
/* End PBXBuildFile section */

/* Begin PBXContainerItemProxy section */
		96464C471F8AE22800131ABB /* PBXContainerItemProxy */ = {
			isa = PBXContainerItemProxy;
			containerPortal = 96464C2A1F8AE22800131ABB /* Project object */;
			proxyType = 1;
			remoteGlobalIDString = 96464C311F8AE22800131ABB;
			remoteInfo = MoxieDocs;
		};
/* End PBXContainerItemProxy section */

/* Begin PBXFileReference section */
		28586DA36313E5E04BAC5006 /* Pods-MoxieDocsTests.debug.xcconfig */ = {isa = PBXFileReference; includeInIndex = 1; lastKnownFileType = text.xcconfig; name = "Pods-MoxieDocsTests.debug.xcconfig"; path = "Pods/Target Support Files/Pods-MoxieDocsTests/Pods-MoxieDocsTests.debug.xcconfig"; sourceTree = "<group>"; };
		3DEF84FB0EEBAA4A328BFA4D /* Pods_MoxieDocsTests.framework */ = {isa = PBXFileReference; explicitFileType = wrapper.framework; includeInIndex = 0; path = Pods_MoxieDocsTests.framework; sourceTree = BUILT_PRODUCTS_DIR; };
		9643BDA21F8AE7330094C86D /* CreatingMocksTests.swift */ = {isa = PBXFileReference; lastKnownFileType = sourcecode.swift; path = CreatingMocksTests.swift; sourceTree = "<group>"; };
		9643BDA41F8AE7740094C86D /* CreatingMocks.swift */ = {isa = PBXFileReference; lastKnownFileType = sourcecode.swift; path = CreatingMocks.swift; sourceTree = "<group>"; };
		9643BDA61F8AE8BF0094C86D /* StubbingTests.swift */ = {isa = PBXFileReference; lastKnownFileType = sourcecode.swift; path = StubbingTests.swift; sourceTree = "<group>"; };
		9643BDA81F8AE9030094C86D /* Stubbing.swift */ = {isa = PBXFileReference; lastKnownFileType = sourcecode.swift; path = Stubbing.swift; sourceTree = "<group>"; };
		9643BDAC1F8AEAD10094C86D /* VerifyingInvocationsTests.swift */ = {isa = PBXFileReference; lastKnownFileType = sourcecode.swift; path = VerifyingInvocationsTests.swift; sourceTree = "<group>"; };
		96464C321F8AE22800131ABB /* MoxieDocs.app */ = {isa = PBXFileReference; explicitFileType = wrapper.application; includeInIndex = 0; path = MoxieDocs.app; sourceTree = BUILT_PRODUCTS_DIR; };
		96464C351F8AE22800131ABB /* AppDelegate.swift */ = {isa = PBXFileReference; lastKnownFileType = sourcecode.swift; path = AppDelegate.swift; sourceTree = "<group>"; };
		96464C371F8AE22800131ABB /* ViewController.swift */ = {isa = PBXFileReference; lastKnownFileType = sourcecode.swift; path = ViewController.swift; sourceTree = "<group>"; };
		96464C3A1F8AE22800131ABB /* Base */ = {isa = PBXFileReference; lastKnownFileType = file.storyboard; name = Base; path = Base.lproj/Main.storyboard; sourceTree = "<group>"; };
		96464C3C1F8AE22800131ABB /* Assets.xcassets */ = {isa = PBXFileReference; lastKnownFileType = folder.assetcatalog; path = Assets.xcassets; sourceTree = "<group>"; };
		96464C3F1F8AE22800131ABB /* Base */ = {isa = PBXFileReference; lastKnownFileType = file.storyboard; name = Base; path = Base.lproj/LaunchScreen.storyboard; sourceTree = "<group>"; };
		96464C411F8AE22800131ABB /* Info.plist */ = {isa = PBXFileReference; lastKnownFileType = text.plist.xml; path = Info.plist; sourceTree = "<group>"; };
		96464C461F8AE22800131ABB /* MoxieDocsTests.xctest */ = {isa = PBXFileReference; explicitFileType = wrapper.cfbundle; includeInIndex = 0; path = MoxieDocsTests.xctest; sourceTree = BUILT_PRODUCTS_DIR; };
		96464C4A1F8AE22800131ABB /* ReadmeTests.swift */ = {isa = PBXFileReference; lastKnownFileType = sourcecode.swift; path = ReadmeTests.swift; sourceTree = "<group>"; };
		96464C4C1F8AE22800131ABB /* Info.plist */ = {isa = PBXFileReference; lastKnownFileType = text.plist.xml; path = Info.plist; sourceTree = "<group>"; };
		96A6BCC31F8AE31E007EF681 /* Readme.swift */ = {isa = PBXFileReference; lastKnownFileType = sourcecode.swift; path = Readme.swift; sourceTree = "<group>"; };
		DF04D1ED7984ECCF5D732296 /* Pods-MoxieDocsTests.release.xcconfig */ = {isa = PBXFileReference; includeInIndex = 1; lastKnownFileType = text.xcconfig; name = "Pods-MoxieDocsTests.release.xcconfig"; path = "Pods/Target Support Files/Pods-MoxieDocsTests/Pods-MoxieDocsTests.release.xcconfig"; sourceTree = "<group>"; };
/* End PBXFileReference section */

/* Begin PBXFrameworksBuildPhase section */
		96464C2F1F8AE22800131ABB /* Frameworks */ = {
			isa = PBXFrameworksBuildPhase;
			buildActionMask = 2147483647;
			files = (
			);
			runOnlyForDeploymentPostprocessing = 0;
		};
		96464C431F8AE22800131ABB /* Frameworks */ = {
			isa = PBXFrameworksBuildPhase;
			buildActionMask = 2147483647;
			files = (
				C6C9DF8CECF61DE4A9C24041 /* Pods_MoxieDocsTests.framework in Frameworks */,
			);
			runOnlyForDeploymentPostprocessing = 0;
		};
/* End PBXFrameworksBuildPhase section */

/* Begin PBXGroup section */
		4E0B327567A9381D778E093A /* Frameworks */ = {
			isa = PBXGroup;
			children = (
				3DEF84FB0EEBAA4A328BFA4D /* Pods_MoxieDocsTests.framework */,
			);
			name = Frameworks;
			sourceTree = "<group>";
		};
		96464C291F8AE22800131ABB = {
			isa = PBXGroup;
			children = (
				96464C341F8AE22800131ABB /* MoxieDocs */,
				96464C491F8AE22800131ABB /* MoxieDocsTests */,
				96464C331F8AE22800131ABB /* Products */,
				A32F52DE3FDF3032243F85EA /* Pods */,
				4E0B327567A9381D778E093A /* Frameworks */,
			);
			sourceTree = "<group>";
		};
		96464C331F8AE22800131ABB /* Products */ = {
			isa = PBXGroup;
			children = (
				96464C321F8AE22800131ABB /* MoxieDocs.app */,
				96464C461F8AE22800131ABB /* MoxieDocsTests.xctest */,
			);
			name = Products;
			sourceTree = "<group>";
		};
		96464C341F8AE22800131ABB /* MoxieDocs */ = {
			isa = PBXGroup;
			children = (
				96464C351F8AE22800131ABB /* AppDelegate.swift */,
				96464C3C1F8AE22800131ABB /* Assets.xcassets */,
				9643BDA41F8AE7740094C86D /* CreatingMocks.swift */,
				96464C411F8AE22800131ABB /* Info.plist */,
				96464C3E1F8AE22800131ABB /* LaunchScreen.storyboard */,
				96464C391F8AE22800131ABB /* Main.storyboard */,
				96A6BCC31F8AE31E007EF681 /* Readme.swift */,
				9643BDA81F8AE9030094C86D /* Stubbing.swift */,
				96464C371F8AE22800131ABB /* ViewController.swift */,
			);
			path = MoxieDocs;
			sourceTree = "<group>";
		};
		96464C491F8AE22800131ABB /* MoxieDocsTests */ = {
			isa = PBXGroup;
			children = (
				9643BDA21F8AE7330094C86D /* CreatingMocksTests.swift */,
				96464C4C1F8AE22800131ABB /* Info.plist */,
				96464C4A1F8AE22800131ABB /* ReadmeTests.swift */,
				9643BDA61F8AE8BF0094C86D /* StubbingTests.swift */,
				9643BDAC1F8AEAD10094C86D /* VerifyingInvocationsTests.swift */,
			);
			path = MoxieDocsTests;
			sourceTree = "<group>";
		};
		A32F52DE3FDF3032243F85EA /* Pods */ = {
			isa = PBXGroup;
			children = (
				28586DA36313E5E04BAC5006 /* Pods-MoxieDocsTests.debug.xcconfig */,
				DF04D1ED7984ECCF5D732296 /* Pods-MoxieDocsTests.release.xcconfig */,
			);
			name = Pods;
			sourceTree = "<group>";
		};
/* End PBXGroup section */

/* Begin PBXNativeTarget section */
		96464C311F8AE22800131ABB /* MoxieDocs */ = {
			isa = PBXNativeTarget;
			buildConfigurationList = 96464C4F1F8AE22800131ABB /* Build configuration list for PBXNativeTarget "MoxieDocs" */;
			buildPhases = (
				96464C2E1F8AE22800131ABB /* Sources */,
				96464C2F1F8AE22800131ABB /* Frameworks */,
				96464C301F8AE22800131ABB /* Resources */,
			);
			buildRules = (
			);
			dependencies = (
			);
			name = MoxieDocs;
			productName = MoxieDocs;
			productReference = 96464C321F8AE22800131ABB /* MoxieDocs.app */;
			productType = "com.apple.product-type.application";
		};
		96464C451F8AE22800131ABB /* MoxieDocsTests */ = {
			isa = PBXNativeTarget;
			buildConfigurationList = 96464C521F8AE22800131ABB /* Build configuration list for PBXNativeTarget "MoxieDocsTests" */;
			buildPhases = (
				080FCBE70B2F9ED2CCB13DC8 /* [CP] Check Pods Manifest.lock */,
				96464C421F8AE22800131ABB /* Sources */,
				96464C431F8AE22800131ABB /* Frameworks */,
				96464C441F8AE22800131ABB /* Resources */,
				C113BF7F8450D95BA28AB929 /* [CP] Embed Pods Frameworks */,
				851E8D1561535F3CAA4F08F9 /* [CP] Copy Pods Resources */,
			);
			buildRules = (
			);
			dependencies = (
				96464C481F8AE22800131ABB /* PBXTargetDependency */,
			);
			name = MoxieDocsTests;
			productName = MoxieDocsTests;
			productReference = 96464C461F8AE22800131ABB /* MoxieDocsTests.xctest */;
			productType = "com.apple.product-type.bundle.unit-test";
		};
/* End PBXNativeTarget section */

/* Begin PBXProject section */
		96464C2A1F8AE22800131ABB /* Project object */ = {
			isa = PBXProject;
			attributes = {
				LastSwiftUpdateCheck = 0900;
				LastUpgradeCheck = 0900;
				ORGANIZATIONNAME = "Peapod Multimedia, ltd.";
				TargetAttributes = {
					96464C311F8AE22800131ABB = {
						CreatedOnToolsVersion = 9.0;
						ProvisioningStyle = Automatic;
					};
					96464C451F8AE22800131ABB = {
						CreatedOnToolsVersion = 9.0;
						ProvisioningStyle = Automatic;
						TestTargetID = 96464C311F8AE22800131ABB;
					};
				};
			};
			buildConfigurationList = 96464C2D1F8AE22800131ABB /* Build configuration list for PBXProject "MoxieDocs" */;
			compatibilityVersion = "Xcode 8.0";
			developmentRegion = en;
			hasScannedForEncodings = 0;
			knownRegions = (
				en,
				Base,
			);
			mainGroup = 96464C291F8AE22800131ABB;
			productRefGroup = 96464C331F8AE22800131ABB /* Products */;
			projectDirPath = "";
			projectRoot = "";
			targets = (
				96464C311F8AE22800131ABB /* MoxieDocs */,
				96464C451F8AE22800131ABB /* MoxieDocsTests */,
			);
		};
/* End PBXProject section */

/* Begin PBXResourcesBuildPhase section */
		96464C301F8AE22800131ABB /* Resources */ = {
			isa = PBXResourcesBuildPhase;
			buildActionMask = 2147483647;
			files = (
				96464C401F8AE22800131ABB /* LaunchScreen.storyboard in Resources */,
				96464C3D1F8AE22800131ABB /* Assets.xcassets in Resources */,
				96464C3B1F8AE22800131ABB /* Main.storyboard in Resources */,
			);
			runOnlyForDeploymentPostprocessing = 0;
		};
		96464C441F8AE22800131ABB /* Resources */ = {
			isa = PBXResourcesBuildPhase;
			buildActionMask = 2147483647;
			files = (
			);
			runOnlyForDeploymentPostprocessing = 0;
		};
/* End PBXResourcesBuildPhase section */

/* Begin PBXShellScriptBuildPhase section */
		080FCBE70B2F9ED2CCB13DC8 /* [CP] Check Pods Manifest.lock */ = {
			isa = PBXShellScriptBuildPhase;
			buildActionMask = 2147483647;
			files = (
			);
			inputPaths = (
				"${PODS_PODFILE_DIR_PATH}/Podfile.lock",
				"${PODS_ROOT}/Manifest.lock",
			);
			name = "[CP] Check Pods Manifest.lock";
			outputPaths = (
				"$(DERIVED_FILE_DIR)/Pods-MoxieDocsTests-checkManifestLockResult.txt",
			);
			runOnlyForDeploymentPostprocessing = 0;
			shellPath = /bin/sh;
			shellScript = "diff \"${PODS_PODFILE_DIR_PATH}/Podfile.lock\" \"${PODS_ROOT}/Manifest.lock\" > /dev/null\nif [ $? != 0 ] ; then\n    # print error to STDERR\n    echo \"error: The sandbox is not in sync with the Podfile.lock. Run 'pod install' or update your CocoaPods installation.\" >&2\n    exit 1\nfi\n# This output is used by Xcode 'outputs' to avoid re-running this script phase.\necho \"SUCCESS\" > \"${SCRIPT_OUTPUT_FILE_0}\"\n";
			showEnvVarsInLog = 0;
		};
		851E8D1561535F3CAA4F08F9 /* [CP] Copy Pods Resources */ = {
			isa = PBXShellScriptBuildPhase;
			buildActionMask = 2147483647;
			files = (
			);
			inputPaths = (
			);
			name = "[CP] Copy Pods Resources";
			outputPaths = (
			);
			runOnlyForDeploymentPostprocessing = 0;
			shellPath = /bin/sh;
			shellScript = "\"${SRCROOT}/Pods/Target Support Files/Pods-MoxieDocsTests/Pods-MoxieDocsTests-resources.sh\"\n";
			showEnvVarsInLog = 0;
		};
		C113BF7F8450D95BA28AB929 /* [CP] Embed Pods Frameworks */ = {
			isa = PBXShellScriptBuildPhase;
			buildActionMask = 2147483647;
			files = (
			);
			inputPaths = (
				"${SRCROOT}/Pods/Target Support Files/Pods-MoxieDocsTests/Pods-MoxieDocsTests-frameworks.sh",
				"${BUILT_PRODUCTS_DIR}/Moxie/Moxie.framework",
			);
			name = "[CP] Embed Pods Frameworks";
			outputPaths = (
				"${TARGET_BUILD_DIR}/${FRAMEWORKS_FOLDER_PATH}/Moxie.framework",
			);
			runOnlyForDeploymentPostprocessing = 0;
			shellPath = /bin/sh;
			shellScript = "\"${SRCROOT}/Pods/Target Support Files/Pods-MoxieDocsTests/Pods-MoxieDocsTests-frameworks.sh\"\n";
			showEnvVarsInLog = 0;
		};
/* End PBXShellScriptBuildPhase section */

/* Begin PBXSourcesBuildPhase section */
		96464C2E1F8AE22800131ABB /* Sources */ = {
			isa = PBXSourcesBuildPhase;
			buildActionMask = 2147483647;
			files = (
				9643BDA51F8AE7740094C86D /* CreatingMocks.swift in Sources */,
				9643BDA91F8AE9030094C86D /* Stubbing.swift in Sources */,
				96464C381F8AE22800131ABB /* ViewController.swift in Sources */,
				96A6BCC41F8AE31E007EF681 /* Readme.swift in Sources */,
				96464C361F8AE22800131ABB /* AppDelegate.swift in Sources */,
			);
			runOnlyForDeploymentPostprocessing = 0;
		};
		96464C421F8AE22800131ABB /* Sources */ = {
			isa = PBXSourcesBuildPhase;
			buildActionMask = 2147483647;
			files = (
				9643BDA31F8AE7330094C86D /* CreatingMocksTests.swift in Sources */,
				9643BDAD1F8AEAD10094C86D /* VerifyingInvocationsTests.swift in Sources */,
				9643BDA71F8AE8BF0094C86D /* StubbingTests.swift in Sources */,
				96464C4B1F8AE22800131ABB /* ReadmeTests.swift in Sources */,
			);
			runOnlyForDeploymentPostprocessing = 0;
		};
/* End PBXSourcesBuildPhase section */

/* Begin PBXTargetDependency section */
		96464C481F8AE22800131ABB /* PBXTargetDependency */ = {
			isa = PBXTargetDependency;
			target = 96464C311F8AE22800131ABB /* MoxieDocs */;
			targetProxy = 96464C471F8AE22800131ABB /* PBXContainerItemProxy */;
		};
/* End PBXTargetDependency section */

/* Begin PBXVariantGroup section */
		96464C391F8AE22800131ABB /* Main.storyboard */ = {
			isa = PBXVariantGroup;
			children = (
				96464C3A1F8AE22800131ABB /* Base */,
			);
			name = Main.storyboard;
			sourceTree = "<group>";
		};
		96464C3E1F8AE22800131ABB /* LaunchScreen.storyboard */ = {
			isa = PBXVariantGroup;
			children = (
				96464C3F1F8AE22800131ABB /* Base */,
			);
			name = LaunchScreen.storyboard;
			sourceTree = "<group>";
		};
/* End PBXVariantGroup section */

/* Begin XCBuildConfiguration section */
		96464C4D1F8AE22800131ABB /* Debug */ = {
			isa = XCBuildConfiguration;
			buildSettings = {
				ALWAYS_SEARCH_USER_PATHS = NO;
				CLANG_ANALYZER_NONNULL = YES;
				CLANG_ANALYZER_NUMBER_OBJECT_CONVERSION = YES_AGGRESSIVE;
				CLANG_CXX_LANGUAGE_STANDARD = "gnu++14";
				CLANG_CXX_LIBRARY = "libc++";
				CLANG_ENABLE_MODULES = YES;
				CLANG_ENABLE_OBJC_ARC = YES;
				CLANG_WARN_BLOCK_CAPTURE_AUTORELEASING = YES;
				CLANG_WARN_BOOL_CONVERSION = YES;
				CLANG_WARN_COMMA = YES;
				CLANG_WARN_CONSTANT_CONVERSION = YES;
				CLANG_WARN_DIRECT_OBJC_ISA_USAGE = YES_ERROR;
				CLANG_WARN_DOCUMENTATION_COMMENTS = YES;
				CLANG_WARN_EMPTY_BODY = YES;
				CLANG_WARN_ENUM_CONVERSION = YES;
				CLANG_WARN_INFINITE_RECURSION = YES;
				CLANG_WARN_INT_CONVERSION = YES;
				CLANG_WARN_NON_LITERAL_NULL_CONVERSION = YES;
				CLANG_WARN_OBJC_LITERAL_CONVERSION = YES;
				CLANG_WARN_OBJC_ROOT_CLASS = YES_ERROR;
				CLANG_WARN_RANGE_LOOP_ANALYSIS = YES;
				CLANG_WARN_STRICT_PROTOTYPES = YES;
				CLANG_WARN_SUSPICIOUS_MOVE = YES;
				CLANG_WARN_UNGUARDED_AVAILABILITY = YES_AGGRESSIVE;
				CLANG_WARN_UNREACHABLE_CODE = YES;
				CLANG_WARN__DUPLICATE_METHOD_MATCH = YES;
				CODE_SIGN_IDENTITY = "iPhone Developer";
				COPY_PHASE_STRIP = NO;
				DEBUG_INFORMATION_FORMAT = dwarf;
				ENABLE_STRICT_OBJC_MSGSEND = YES;
				ENABLE_TESTABILITY = YES;
				GCC_C_LANGUAGE_STANDARD = gnu11;
				GCC_DYNAMIC_NO_PIC = NO;
				GCC_NO_COMMON_BLOCKS = YES;
				GCC_OPTIMIZATION_LEVEL = 0;
				GCC_PREPROCESSOR_DEFINITIONS = (
					"DEBUG=1",
					"$(inherited)",
				);
				GCC_WARN_64_TO_32_BIT_CONVERSION = YES;
				GCC_WARN_ABOUT_RETURN_TYPE = YES_ERROR;
				GCC_WARN_UNDECLARED_SELECTOR = YES;
				GCC_WARN_UNINITIALIZED_AUTOS = YES_AGGRESSIVE;
				GCC_WARN_UNUSED_FUNCTION = YES;
				GCC_WARN_UNUSED_VARIABLE = YES;
				IPHONEOS_DEPLOYMENT_TARGET = 11.0;
				MTL_ENABLE_DEBUG_INFO = YES;
				ONLY_ACTIVE_ARCH = YES;
				SDKROOT = iphoneos;
				SWIFT_ACTIVE_COMPILATION_CONDITIONS = DEBUG;
				SWIFT_OPTIMIZATION_LEVEL = "-Onone";
			};
			name = Debug;
		};
		96464C4E1F8AE22800131ABB /* Release */ = {
			isa = XCBuildConfiguration;
			buildSettings = {
				ALWAYS_SEARCH_USER_PATHS = NO;
				CLANG_ANALYZER_NONNULL = YES;
				CLANG_ANALYZER_NUMBER_OBJECT_CONVERSION = YES_AGGRESSIVE;
				CLANG_CXX_LANGUAGE_STANDARD = "gnu++14";
				CLANG_CXX_LIBRARY = "libc++";
				CLANG_ENABLE_MODULES = YES;
				CLANG_ENABLE_OBJC_ARC = YES;
				CLANG_WARN_BLOCK_CAPTURE_AUTORELEASING = YES;
				CLANG_WARN_BOOL_CONVERSION = YES;
				CLANG_WARN_COMMA = YES;
				CLANG_WARN_CONSTANT_CONVERSION = YES;
				CLANG_WARN_DIRECT_OBJC_ISA_USAGE = YES_ERROR;
				CLANG_WARN_DOCUMENTATION_COMMENTS = YES;
				CLANG_WARN_EMPTY_BODY = YES;
				CLANG_WARN_ENUM_CONVERSION = YES;
				CLANG_WARN_INFINITE_RECURSION = YES;
				CLANG_WARN_INT_CONVERSION = YES;
				CLANG_WARN_NON_LITERAL_NULL_CONVERSION = YES;
				CLANG_WARN_OBJC_LITERAL_CONVERSION = YES;
				CLANG_WARN_OBJC_ROOT_CLASS = YES_ERROR;
				CLANG_WARN_RANGE_LOOP_ANALYSIS = YES;
				CLANG_WARN_STRICT_PROTOTYPES = YES;
				CLANG_WARN_SUSPICIOUS_MOVE = YES;
				CLANG_WARN_UNGUARDED_AVAILABILITY = YES_AGGRESSIVE;
				CLANG_WARN_UNREACHABLE_CODE = YES;
				CLANG_WARN__DUPLICATE_METHOD_MATCH = YES;
				CODE_SIGN_IDENTITY = "iPhone Developer";
				COPY_PHASE_STRIP = NO;
				DEBUG_INFORMATION_FORMAT = "dwarf-with-dsym";
				ENABLE_NS_ASSERTIONS = NO;
				ENABLE_STRICT_OBJC_MSGSEND = YES;
				GCC_C_LANGUAGE_STANDARD = gnu11;
				GCC_NO_COMMON_BLOCKS = YES;
				GCC_WARN_64_TO_32_BIT_CONVERSION = YES;
				GCC_WARN_ABOUT_RETURN_TYPE = YES_ERROR;
				GCC_WARN_UNDECLARED_SELECTOR = YES;
				GCC_WARN_UNINITIALIZED_AUTOS = YES_AGGRESSIVE;
				GCC_WARN_UNUSED_FUNCTION = YES;
				GCC_WARN_UNUSED_VARIABLE = YES;
				IPHONEOS_DEPLOYMENT_TARGET = 11.0;
				MTL_ENABLE_DEBUG_INFO = NO;
				SDKROOT = iphoneos;
				SWIFT_OPTIMIZATION_LEVEL = "-Owholemodule";
				VALIDATE_PRODUCT = YES;
			};
			name = Release;
		};
		96464C501F8AE22800131ABB /* Debug */ = {
			isa = XCBuildConfiguration;
			buildSettings = {
				ASSETCATALOG_COMPILER_APPICON_NAME = AppIcon;
				CODE_SIGN_STYLE = Automatic;
				DEVELOPMENT_TEAM = SPU386ZNKS;
				INFOPLIST_FILE = MoxieDocs/Info.plist;
				LD_RUNPATH_SEARCH_PATHS = "$(inherited) @executable_path/Frameworks";
				PRODUCT_BUNDLE_IDENTIFIER = com.peapodmm.MoxieDocs;
				PRODUCT_NAME = "$(TARGET_NAME)";
				SWIFT_VERSION = 4.0;
				TARGETED_DEVICE_FAMILY = "1,2";
			};
			name = Debug;
		};
		96464C511F8AE22800131ABB /* Release */ = {
			isa = XCBuildConfiguration;
			buildSettings = {
				ASSETCATALOG_COMPILER_APPICON_NAME = AppIcon;
				CODE_SIGN_STYLE = Automatic;
				DEVELOPMENT_TEAM = SPU386ZNKS;
				INFOPLIST_FILE = MoxieDocs/Info.plist;
				LD_RUNPATH_SEARCH_PATHS = "$(inherited) @executable_path/Frameworks";
				PRODUCT_BUNDLE_IDENTIFIER = com.peapodmm.MoxieDocs;
				PRODUCT_NAME = "$(TARGET_NAME)";
				SWIFT_VERSION = 4.0;
				TARGETED_DEVICE_FAMILY = "1,2";
			};
			name = Release;
		};
		96464C531F8AE22800131ABB /* Debug */ = {
			isa = XCBuildConfiguration;
			baseConfigurationReference = 28586DA36313E5E04BAC5006 /* Pods-MoxieDocsTests.debug.xcconfig */;
			buildSettings = {
				ALWAYS_EMBED_SWIFT_STANDARD_LIBRARIES = YES;
				BUNDLE_LOADER = "$(TEST_HOST)";
				CODE_SIGN_STYLE = Automatic;
				DEVELOPMENT_TEAM = SPU386ZNKS;
				INFOPLIST_FILE = MoxieDocsTests/Info.plist;
				LD_RUNPATH_SEARCH_PATHS = "$(inherited) @executable_path/Frameworks @loader_path/Frameworks";
				PRODUCT_BUNDLE_IDENTIFIER = com.peapodmm.MoxieDocsTests;
				PRODUCT_NAME = "$(TARGET_NAME)";
				SWIFT_VERSION = 4.0;
				TARGETED_DEVICE_FAMILY = "1,2";
				TEST_HOST = "$(BUILT_PRODUCTS_DIR)/MoxieDocs.app/MoxieDocs";
			};
			name = Debug;
		};
		96464C541F8AE22800131ABB /* Release */ = {
			isa = XCBuildConfiguration;
			baseConfigurationReference = DF04D1ED7984ECCF5D732296 /* Pods-MoxieDocsTests.release.xcconfig */;
			buildSettings = {
				ALWAYS_EMBED_SWIFT_STANDARD_LIBRARIES = YES;
				BUNDLE_LOADER = "$(TEST_HOST)";
				CODE_SIGN_STYLE = Automatic;
				DEVELOPMENT_TEAM = SPU386ZNKS;
				INFOPLIST_FILE = MoxieDocsTests/Info.plist;
				LD_RUNPATH_SEARCH_PATHS = "$(inherited) @executable_path/Frameworks @loader_path/Frameworks";
				PRODUCT_BUNDLE_IDENTIFIER = com.peapodmm.MoxieDocsTests;
				PRODUCT_NAME = "$(TARGET_NAME)";
				SWIFT_VERSION = 4.0;
				TARGETED_DEVICE_FAMILY = "1,2";
				TEST_HOST = "$(BUILT_PRODUCTS_DIR)/MoxieDocs.app/MoxieDocs";
			};
			name = Release;
		};
/* End XCBuildConfiguration section */

/* Begin XCConfigurationList section */
		96464C2D1F8AE22800131ABB /* Build configuration list for PBXProject "MoxieDocs" */ = {
			isa = XCConfigurationList;
			buildConfigurations = (
				96464C4D1F8AE22800131ABB /* Debug */,
				96464C4E1F8AE22800131ABB /* Release */,
			);
			defaultConfigurationIsVisible = 0;
			defaultConfigurationName = Release;
		};
		96464C4F1F8AE22800131ABB /* Build configuration list for PBXNativeTarget "MoxieDocs" */ = {
			isa = XCConfigurationList;
			buildConfigurations = (
				96464C501F8AE22800131ABB /* Debug */,
				96464C511F8AE22800131ABB /* Release */,
			);
			defaultConfigurationIsVisible = 0;
			defaultConfigurationName = Release;
		};
		96464C521F8AE22800131ABB /* Build configuration list for PBXNativeTarget "MoxieDocsTests" */ = {
			isa = XCConfigurationList;
			buildConfigurations = (
				96464C531F8AE22800131ABB /* Debug */,
				96464C541F8AE22800131ABB /* Release */,
			);
			defaultConfigurationIsVisible = 0;
			defaultConfigurationName = Release;
		};
/* End XCConfigurationList section */
	};
	rootObject = 96464C2A1F8AE22800131ABB /* Project object */;
}
